
Microsoft Visual Studio Solution File, Format Version 12.00
# Visual Studio Version 16
VisualStudioVersion = 16.0.31129.286
MinimumVisualStudioVersion = 10.0.40219.1
Project("{9A19103F-16F7-4668-BE54-9A1E7A4F7556}") = "ConfigParser", "ConfigParser\ConfigParser.csproj", "{CD5AD9E2-73EE-40A9-A8C1-E65DA239735C}"
EndProject
Project("{FAE04EC0-301F-11D3-BF4B-00C04F79EFBC}") = "ParserTest", "ParserTest\ParserTest.csproj", "{0C2FE07D-72ED-4A7F-9656-8BB7CC6AFDDE}"
EndProject
Global
	GlobalSection(SolutionConfigurationPlatforms) = preSolution
		Debug|Any CPU = Debug|Any CPU
		Release|Any CPU = Release|Any CPU
	EndGlobalSection
	GlobalSection(ProjectConfigurationPlatforms) = postSolution
		{CD5AD9E2-73EE-40A9-A8C1-E65DA239735C}.Debug|Any CPU.ActiveCfg = Debug|Any CPU
		{CD5AD9E2-73EE-40A9-A8C1-E65DA239735C}.Debug|Any CPU.Build.0 = Debug|Any CPU
		{CD5AD9E2-73EE-40A9-A8C1-E65DA239735C}.Release|Any CPU.ActiveCfg = Release|Any CPU
		{CD5AD9E2-73EE-40A9-A8C1-E65DA239735C}.Release|Any CPU.Build.0 = Release|Any CPU
		{0C2FE07D-72ED-4A7F-9656-8BB7CC6AFDDE}.Debug|Any CPU.ActiveCfg = Debug|Any CPU
		{0C2FE07D-72ED-4A7F-9656-8BB7CC6AFDDE}.Debug|Any CPU.Build.0 = Debug|Any CPU
		{0C2FE07D-72ED-4A7F-9656-8BB7CC6AFDDE}.Release|Any CPU.ActiveCfg = Release|Any CPU
		{0C2FE07D-72ED-4A7F-9656-8BB7CC6AFDDE}.Release|Any CPU.Build.0 = Release|Any CPU
	EndGlobalSection
	GlobalSection(SolutionProperties) = preSolution
		HideSolutionNode = FALSE
	EndGlobalSection
	GlobalSection(ExtensibilityGlobals) = postSolution
		SolutionGuid = {7550F257-3E9B-4F3F-A7AF-497F65102641}
	EndGlobalSection
EndGlobal
